
Microsoft Visual Studio Solution File, Format Version 12.00
# Visual Studio Version 16
VisualStudioVersion = 16.0.32602.291
MinimumVisualStudioVersion = 10.0.40219.1
Project("{9A19103F-16F7-4668-BE54-9A1E7A4F7556}") = "ComicWorld", "ComicWorld\ComicWorld.csproj", "{36E1A2C0-037D-4E20-B1C1-31A7E76D33EF}"
EndProject
Project("{2150E333-8FDC-42A3-9474-1A3956D46DE8}") = "Application", "Application", "{E9807375-3CE4-4C87-91ED-26B0473DADC6}"
EndProject
Project("{2150E333-8FDC-42A3-9474-1A3956D46DE8}") = "Domain", "Domain", "{05AC008D-27A0-4E4A-A68E-889F7006C163}"
EndProject
Project("{2150E333-8FDC-42A3-9474-1A3956D46DE8}") = "Infrastructure", "Infrastructure", "{4CC3F42F-ABCD-4D7F-8075-791DF6F0BC91}"
EndProject
Project("{2150E333-8FDC-42A3-9474-1A3956D46DE8}") = "Test", "Test", "{E6E52FA5-1477-4FF9-9CBB-E108B910AA4D}"
EndProject
Project("{2150E333-8FDC-42A3-9474-1A3956D46DE8}") = "UI", "UI", "{26CE2EFC-1719-429A-865D-B61223E9126F}"
EndProject
Project("{9A19103F-16F7-4668-BE54-9A1E7A4F7556}") = "ComicWorld.Application", "ComicWorld.Application\ComicWorld.Application.csproj", "{A2FE2A48-D54E-4839-8B90-47E3EF6CED44}"
EndProject
Project("{9A19103F-16F7-4668-BE54-9A1E7A4F7556}") = "ComicWorld.Domain", "ComicWorld.Domain\ComicWorld.Domain.csproj", "{C7A4376E-C706-43D4-B264-8D86DAA24014}"
EndProject
Project("{9A19103F-16F7-4668-BE54-9A1E7A4F7556}") = "ComicWorld.Infrastructure", "ComicWorld.Infrastructure\ComicWorld.Infrastructure.csproj", "{3F9F673F-7896-44D1-BEB1-58512FA7ACB9}"
EndProject
Project("{9A19103F-16F7-4668-BE54-9A1E7A4F7556}") = "ComicWorld.Tests", "ComicWorld.Tests\ComicWorld.Tests.csproj", "{DCE05C09-0B53-4789-952D-970F535F8061}"
EndProject
Global
	GlobalSection(SolutionConfigurationPlatforms) = preSolution
		Debug|Any CPU = Debug|Any CPU
		Release|Any CPU = Release|Any CPU
	EndGlobalSection
	GlobalSection(ProjectConfigurationPlatforms) = postSolution
		{36E1A2C0-037D-4E20-B1C1-31A7E76D33EF}.Debug|Any CPU.ActiveCfg = Debug|Any CPU
		{36E1A2C0-037D-4E20-B1C1-31A7E76D33EF}.Debug|Any CPU.Build.0 = Debug|Any CPU
		{36E1A2C0-037D-4E20-B1C1-31A7E76D33EF}.Release|Any CPU.ActiveCfg = Release|Any CPU
		{36E1A2C0-037D-4E20-B1C1-31A7E76D33EF}.Release|Any CPU.Build.0 = Release|Any CPU
		{A2FE2A48-D54E-4839-8B90-47E3EF6CED44}.Debug|Any CPU.ActiveCfg = Debug|Any CPU
		{A2FE2A48-D54E-4839-8B90-47E3EF6CED44}.Debug|Any CPU.Build.0 = Debug|Any CPU
		{A2FE2A48-D54E-4839-8B90-47E3EF6CED44}.Release|Any CPU.ActiveCfg = Release|Any CPU
		{A2FE2A48-D54E-4839-8B90-47E3EF6CED44}.Release|Any CPU.Build.0 = Release|Any CPU
		{C7A4376E-C706-43D4-B264-8D86DAA24014}.Debug|Any CPU.ActiveCfg = Debug|Any CPU
		{C7A4376E-C706-43D4-B264-8D86DAA24014}.Debug|Any CPU.Build.0 = Debug|Any CPU
		{C7A4376E-C706-43D4-B264-8D86DAA24014}.Release|Any CPU.ActiveCfg = Release|Any CPU
		{C7A4376E-C706-43D4-B264-8D86DAA24014}.Release|Any CPU.Build.0 = Release|Any CPU
		{3F9F673F-7896-44D1-BEB1-58512FA7ACB9}.Debug|Any CPU.ActiveCfg = Debug|Any CPU
		{3F9F673F-7896-44D1-BEB1-58512FA7ACB9}.Debug|Any CPU.Build.0 = Debug|Any CPU
		{3F9F673F-7896-44D1-BEB1-58512FA7ACB9}.Release|Any CPU.ActiveCfg = Release|Any CPU
		{3F9F673F-7896-44D1-BEB1-58512FA7ACB9}.Release|Any CPU.Build.0 = Release|Any CPU
		{DCE05C09-0B53-4789-952D-970F535F8061}.Debug|Any CPU.ActiveCfg = Debug|Any CPU
		{DCE05C09-0B53-4789-952D-970F535F8061}.Debug|Any CPU.Build.0 = Debug|Any CPU
		{DCE05C09-0B53-4789-952D-970F535F8061}.Release|Any CPU.ActiveCfg = Release|Any CPU
		{DCE05C09-0B53-4789-952D-970F535F8061}.Release|Any CPU.Build.0 = Release|Any CPU
	EndGlobalSection
	GlobalSection(SolutionProperties) = preSolution
		HideSolutionNode = FALSE
	EndGlobalSection
	GlobalSection(NestedProjects) = preSolution
		{36E1A2C0-037D-4E20-B1C1-31A7E76D33EF} = {26CE2EFC-1719-429A-865D-B61223E9126F}
		{A2FE2A48-D54E-4839-8B90-47E3EF6CED44} = {E9807375-3CE4-4C87-91ED-26B0473DADC6}
		{C7A4376E-C706-43D4-B264-8D86DAA24014} = {05AC008D-27A0-4E4A-A68E-889F7006C163}
		{3F9F673F-7896-44D1-BEB1-58512FA7ACB9} = {4CC3F42F-ABCD-4D7F-8075-791DF6F0BC91}
		{DCE05C09-0B53-4789-952D-970F535F8061} = {E6E52FA5-1477-4FF9-9CBB-E108B910AA4D}
	EndGlobalSection
	GlobalSection(ExtensibilityGlobals) = postSolution
		SolutionGuid = {05D0A0AD-F09E-46DB-8015-63D1942AA82C}
	EndGlobalSection
EndGlobal
